
Microsoft Visual Studio Solution File, Format Version 12.00
# Visual Studio 2012
Project("{2150E333-8FDC-42A3-9474-1A3956D46DE8}") = ".nuget", ".nuget", "{D5757E47-234E-47A9-BCC9-FCC1151E47F1}"
	ProjectSection(SolutionItems) = preProject
		.nuget\NuGet.Config = .nuget\NuGet.Config
		.nuget\NuGet.exe = .nuget\NuGet.exe
		.nuget\NuGet.targets = .nuget\NuGet.targets
	EndProjectSection
EndProject
Project("{FAE04EC0-301F-11D3-BF4B-00C04F79EFBC}") = "AsbaBank.Domain", "AsbaBank.Domain\AsbaBank.Domain.csproj", "{9B6645FF-6E28-4F3E-A007-7ACA766BD366}"
EndProject
Project("{FAE04EC0-301F-11D3-BF4B-00C04F79EFBC}") = "AsbaBank.Infrastructure", "AsbaBank.Infrastructure\AsbaBank.Infrastructure.csproj", "{88336594-86D7-438D-983F-7828F2765E41}"
EndProject
Project("{FAE04EC0-301F-11D3-BF4B-00C04F79EFBC}") = "AsbaBank.Presentation.Shell", "AsbaBank.Presentation.Shell\AsbaBank.Presentation.Shell.csproj", "{0F5424F3-888B-4A0C-AEE5-E66AC9D1E4EE}"
EndProject
Project("{FAE04EC0-301F-11D3-BF4B-00C04F79EFBC}") = "AsbaBank.ApplicationService", "AsbaBank.ApplicationService\AsbaBank.ApplicationService.csproj", "{AF5D6108-B824-4A29-9C83-259A8BC9B452}"
EndProject
Project("{FAE04EC0-301F-11D3-BF4B-00C04F79EFBC}") = "AsbaBank.Core", "AsbaBank.Core\AsbaBank.Core.csproj", "{CBF7366C-BA37-4E0A-A523-D948A9640D5B}"
EndProject
Project("{FAE04EC0-301F-11D3-BF4B-00C04F79EFBC}") = "AsbaBank.Infrastructure.EntityFramework", "AsbaBank.Infrastructure.EntityFramework\AsbaBank.Infrastructure.EntityFramework.csproj", "{D91479BE-75B4-40AA-B48C-95D42ED834A7}"
EndProject
Project("{FAE04EC0-301F-11D3-BF4B-00C04F79EFBC}") = "AsbaBank.DataModel", "AsbaBank.DataModel\AsbaBank.DataModel.csproj", "{6DF08D72-9B84-4789-BA30-1DC1439F0EBD}"
EndProject
Project("{FAE04EC0-301F-11D3-BF4B-00C04F79EFBC}") = "AsbaBank.Queries", "AsbaBank.Queries\AsbaBank.Queries.csproj", "{C643FD8D-AFD6-4BF1-8B27-19F8C9B7B67F}"
EndProject
Global
	GlobalSection(SolutionConfigurationPlatforms) = preSolution
		Debug|Any CPU = Debug|Any CPU
		Release|Any CPU = Release|Any CPU
	EndGlobalSection
	GlobalSection(ProjectConfigurationPlatforms) = postSolution
		{9B6645FF-6E28-4F3E-A007-7ACA766BD366}.Debug|Any CPU.ActiveCfg = Debug|Any CPU
		{9B6645FF-6E28-4F3E-A007-7ACA766BD366}.Debug|Any CPU.Build.0 = Debug|Any CPU
		{9B6645FF-6E28-4F3E-A007-7ACA766BD366}.Release|Any CPU.ActiveCfg = Release|Any CPU
		{9B6645FF-6E28-4F3E-A007-7ACA766BD366}.Release|Any CPU.Build.0 = Release|Any CPU
		{88336594-86D7-438D-983F-7828F2765E41}.Debug|Any CPU.ActiveCfg = Debug|Any CPU
		{88336594-86D7-438D-983F-7828F2765E41}.Debug|Any CPU.Build.0 = Debug|Any CPU
		{88336594-86D7-438D-983F-7828F2765E41}.Release|Any CPU.ActiveCfg = Release|Any CPU
		{88336594-86D7-438D-983F-7828F2765E41}.Release|Any CPU.Build.0 = Release|Any CPU
		{0F5424F3-888B-4A0C-AEE5-E66AC9D1E4EE}.Debug|Any CPU.ActiveCfg = Debug|Any CPU
		{0F5424F3-888B-4A0C-AEE5-E66AC9D1E4EE}.Debug|Any CPU.Build.0 = Debug|Any CPU
		{0F5424F3-888B-4A0C-AEE5-E66AC9D1E4EE}.Release|Any CPU.ActiveCfg = Release|Any CPU
		{0F5424F3-888B-4A0C-AEE5-E66AC9D1E4EE}.Release|Any CPU.Build.0 = Release|Any CPU
		{AF5D6108-B824-4A29-9C83-259A8BC9B452}.Debug|Any CPU.ActiveCfg = Debug|Any CPU
		{AF5D6108-B824-4A29-9C83-259A8BC9B452}.Debug|Any CPU.Build.0 = Debug|Any CPU
		{AF5D6108-B824-4A29-9C83-259A8BC9B452}.Release|Any CPU.ActiveCfg = Release|Any CPU
		{AF5D6108-B824-4A29-9C83-259A8BC9B452}.Release|Any CPU.Build.0 = Release|Any CPU
		{CBF7366C-BA37-4E0A-A523-D948A9640D5B}.Debug|Any CPU.ActiveCfg = Debug|Any CPU
		{CBF7366C-BA37-4E0A-A523-D948A9640D5B}.Debug|Any CPU.Build.0 = Debug|Any CPU
		{CBF7366C-BA37-4E0A-A523-D948A9640D5B}.Release|Any CPU.ActiveCfg = Release|Any CPU
		{CBF7366C-BA37-4E0A-A523-D948A9640D5B}.Release|Any CPU.Build.0 = Release|Any CPU
		{D91479BE-75B4-40AA-B48C-95D42ED834A7}.Debug|Any CPU.ActiveCfg = Debug|Any CPU
		{D91479BE-75B4-40AA-B48C-95D42ED834A7}.Debug|Any CPU.Build.0 = Debug|Any CPU
		{D91479BE-75B4-40AA-B48C-95D42ED834A7}.Release|Any CPU.ActiveCfg = Release|Any CPU
		{D91479BE-75B4-40AA-B48C-95D42ED834A7}.Release|Any CPU.Build.0 = Release|Any CPU
		{6DF08D72-9B84-4789-BA30-1DC1439F0EBD}.Debug|Any CPU.ActiveCfg = Debug|Any CPU
		{6DF08D72-9B84-4789-BA30-1DC1439F0EBD}.Debug|Any CPU.Build.0 = Debug|Any CPU
		{6DF08D72-9B84-4789-BA30-1DC1439F0EBD}.Release|Any CPU.ActiveCfg = Release|Any CPU
		{6DF08D72-9B84-4789-BA30-1DC1439F0EBD}.Release|Any CPU.Build.0 = Release|Any CPU
		{C643FD8D-AFD6-4BF1-8B27-19F8C9B7B67F}.Debug|Any CPU.ActiveCfg = Debug|Any CPU
		{C643FD8D-AFD6-4BF1-8B27-19F8C9B7B67F}.Debug|Any CPU.Build.0 = Debug|Any CPU
		{C643FD8D-AFD6-4BF1-8B27-19F8C9B7B67F}.Release|Any CPU.ActiveCfg = Release|Any CPU
		{C643FD8D-AFD6-4BF1-8B27-19F8C9B7B67F}.Release|Any CPU.Build.0 = Release|Any CPU
	EndGlobalSection
	GlobalSection(SolutionProperties) = preSolution
		HideSolutionNode = FALSE
	EndGlobalSection
EndGlobal
